<Solution>
  <Folder Name="/src/">
    <Project Path="src/Lyria.Domain/Lyria.Domain.csproj" />
    <Project Path="src/Lyria.Application/Lyria.Application.csproj" />
    <Project Path="src/Lyria.Infrastructure/Lyria.Infrastructure.csproj" />
    <Project Path="src/Lyria.Api/Lyria.Api.csproj" />
  </Folder>
  <Folder Name="/tests/">
    <Project Path="tests/Lyria.Domain.UnitTests/Lyria.Domain.UnitTests.csproj" />
    <Project Path="tests/Lyria.Application.UnitTests/Lyria.Application.UnitTests.csproj" />
    <Project Path="tests/Lyria.Infrastructure.IntegrationTests/Lyria.Infrastructure.IntegrationTests.csproj" />
    <Project Path="tests/Lyria.Api.FunctionalTests/Lyria.Api.FunctionalTests.csproj" />
    <Project Path="tests/Lyria.Api.UnitTests/Lyria.Api.UnitTests.csproj" />
    <Project Path="tests/Lyria.ArchitectureTests/Lyria.ArchitectureTests.csproj" />
  </Folder>
</Solution>
